// !$*UTF8*$!
{
	archiveVersion = 1;
	classes = {
	};
	objectVersion = 50;
	objects = {

/* Begin PBXBuildFile section */
		0533BBB725CBD6060011A6F7 /* AppDelegate.m in Sources */ = {isa = PBXBuildFile; fileRef = 0533BBB625CBD6060011A6F7 /* AppDelegate.m */; };
		0533BBBA25CBD6060011A6F7 /* SceneDelegate.m in Sources */ = {isa = PBXBuildFile; fileRef = 0533BBB925CBD6060011A6F7 /* SceneDelegate.m */; };
		0533BBBD25CBD6060011A6F7 /* ViewController.m in Sources */ = {isa = PBXBuildFile; fileRef = 0533BBBC25CBD6060011A6F7 /* ViewController.m */; };
		0533BBC025CBD6060011A6F7 /* Main.storyboard in Resources */ = {isa = PBXBuildFile; fileRef = 0533BBBE25CBD6060011A6F7 /* Main.storyboard */; };
		0533BBC225CBD6090011A6F7 /* Assets.xcassets in Resources */ = {isa = PBXBuildFile; fileRef = 0533BBC125CBD6090011A6F7 /* Assets.xcassets */; };
		0533BBC525CBD6090011A6F7 /* LaunchScreen.storyboard in Resources */ = {isa = PBXBuildFile; fileRef = 0533BBC325CBD6090011A6F7 /* LaunchScreen.storyboard */; };
		0533BBC825CBD6090011A6F7 /* main.m in Sources */ = {isa = PBXBuildFile; fileRef = 0533BBC725CBD6090011A6F7 /* main.m */; };
		0533BBD125CBD67A0011A6F7 /* WaterFallCollectionViewFlowLayout.m in Sources */ = {isa = PBXBuildFile; fileRef = 0533BBCF25CBD67A0011A6F7 /* WaterFallCollectionViewFlowLayout.m */; };
		0533BBDB25CF9E680011A6F7 /* WaterFallViewController.m in Sources */ = {isa = PBXBuildFile; fileRef = 0533BBDA25CF9E680011A6F7 /* WaterFallViewController.m */; };
		0533BBDF25CFC29F0011A6F7 /* WaterFallWithHoverCollectionViewFlowLayout.m in Sources */ = {isa = PBXBuildFile; fileRef = 0533BBDE25CFC29F0011A6F7 /* WaterFallWithHoverCollectionViewFlowLayout.m */; };
		0533BBE425CFC5770011A6F7 /* WaterFallWithHoverViewController.m in Sources */ = {isa = PBXBuildFile; fileRef = 0533BBE325CFC5770011A6F7 /* WaterFallWithHoverViewController.m */; };
		0533BBE825CFDAB20011A6F7 /* NormalViewController.m in Sources */ = {isa = PBXBuildFile; fileRef = 0533BBE725CFDAB20011A6F7 /* NormalViewController.m */; };
/* End PBXBuildFile section */

/* Begin PBXFileReference section */
		0533BBB225CBD6060011A6F7 /* WaterFall.app */ = {isa = PBXFileReference; explicitFileType = wrapper.application; includeInIndex = 0; path = WaterFall.app; sourceTree = BUILT_PRODUCTS_DIR; };
		0533BBB525CBD6060011A6F7 /* AppDelegate.h */ = {isa = PBXFileReference; lastKnownFileType = sourcecode.c.h; path = AppDelegate.h; sourceTree = "<group>"; };
		0533BBB625CBD6060011A6F7 /* AppDelegate.m */ = {isa = PBXFileReference; lastKnownFileType = sourcecode.c.objc; path = AppDelegate.m; sourceTree = "<group>"; };
		0533BBB825CBD6060011A6F7 /* SceneDelegate.h */ = {isa = PBXFileReference; lastKnownFileType = sourcecode.c.h; path = SceneDelegate.h; sourceTree = "<group>"; };
		0533BBB925CBD6060011A6F7 /* SceneDelegate.m */ = {isa = PBXFileReference; lastKnownFileType = sourcecode.c.objc; path = SceneDelegate.m; sourceTree = "<group>"; };
		0533BBBB25CBD6060011A6F7 /* ViewController.h */ = {isa = PBXFileReference; lastKnownFileType = sourcecode.c.h; path = ViewController.h; sourceTree = "<group>"; };
		0533BBBC25CBD6060011A6F7 /* ViewController.m */ = {isa = PBXFileReference; lastKnownFileType = sourcecode.c.objc; path = ViewController.m; sourceTree = "<group>"; };
		0533BBBF25CBD6060011A6F7 /* Base */ = {isa = PBXFileReference; lastKnownFileType = file.storyboard; name = Base; path = Base.lproj/Main.storyboard; sourceTree = "<group>"; };
		0533BBC125CBD6090011A6F7 /* Assets.xcassets */ = {isa = PBXFileReference; lastKnownFileType = folder.assetcatalog; path = Assets.xcassets; sourceTree = "<group>"; };
		0533BBC425CBD6090011A6F7 /* Base */ = {isa = PBXFileReference; lastKnownFileType = file.storyboard; name = Base; path = Base.lproj/LaunchScreen.storyboard; sourceTree = "<group>"; };
		0533BBC625CBD6090011A6F7 /* Info.plist */ = {isa = PBXFileReference; lastKnownFileType = text.plist.xml; path = Info.plist; sourceTree = "<group>"; };
		0533BBC725CBD6090011A6F7 /* main.m */ = {isa = PBXFileReference; lastKnownFileType = sourcecode.c.objc; path = main.m; sourceTree = "<group>"; };
		0533BBCF25CBD67A0011A6F7 /* WaterFallCollectionViewFlowLayout.m */ = {isa = PBXFileReference; fileEncoding = 4; lastKnownFileType = sourcecode.c.objc; path = WaterFallCollectionViewFlowLayout.m; sourceTree = "<group>"; };
		0533BBD025CBD67A0011A6F7 /* WaterFallCollectionViewFlowLayout.h */ = {isa = PBXFileReference; fileEncoding = 4; lastKnownFileType = sourcecode.c.h; path = WaterFallCollectionViewFlowLayout.h; sourceTree = "<group>"; };
		0533BBD925CF9E680011A6F7 /* WaterFallViewController.h */ = {isa = PBXFileReference; lastKnownFileType = sourcecode.c.h; path = WaterFallViewController.h; sourceTree = "<group>"; };
		0533BBDA25CF9E680011A6F7 /* WaterFallViewController.m */ = {isa = PBXFileReference; lastKnownFileType = sourcecode.c.objc; path = WaterFallViewController.m; sourceTree = "<group>"; };
		0533BBDD25CFC29F0011A6F7 /* WaterFallWithHoverCollectionViewFlowLayout.h */ = {isa = PBXFileReference; lastKnownFileType = sourcecode.c.h; path = WaterFallWithHoverCollectionViewFlowLayout.h; sourceTree = "<group>"; };
		0533BBDE25CFC29F0011A6F7 /* WaterFallWithHoverCollectionViewFlowLayout.m */ = {isa = PBXFileReference; lastKnownFileType = sourcecode.c.objc; path = WaterFallWithHoverCollectionViewFlowLayout.m; sourceTree = "<group>"; };
		0533BBE225CFC5770011A6F7 /* WaterFallWithHoverViewController.h */ = {isa = PBXFileReference; lastKnownFileType = sourcecode.c.h; path = WaterFallWithHoverViewController.h; sourceTree = "<group>"; };
		0533BBE325CFC5770011A6F7 /* WaterFallWithHoverViewController.m */ = {isa = PBXFileReference; lastKnownFileType = sourcecode.c.objc; path = WaterFallWithHoverViewController.m; sourceTree = "<group>"; };
		0533BBE625CFDAB20011A6F7 /* NormalViewController.h */ = {isa = PBXFileReference; lastKnownFileType = sourcecode.c.h; path = NormalViewController.h; sourceTree = "<group>"; };
		0533BBE725CFDAB20011A6F7 /* NormalViewController.m */ = {isa = PBXFileReference; lastKnownFileType = sourcecode.c.objc; path = NormalViewController.m; sourceTree = "<group>"; };
/* End PBXFileReference section */

/* Begin PBXFrameworksBuildPhase section */
		0533BBAF25CBD6060011A6F7 /* Frameworks */ = {
			isa = PBXFrameworksBuildPhase;
			buildActionMask = 2147483647;
			files = (
			);
			runOnlyForDeploymentPostprocessing = 0;
		};
/* End PBXFrameworksBuildPhase section */

/* Begin PBXGroup section */
		0533BBA925CBD6060011A6F7 = {
			isa = PBXGroup;
			children = (
				0533BBB425CBD6060011A6F7 /* WaterFall */,
				0533BBB325CBD6060011A6F7 /* Products */,
			);
			sourceTree = "<group>";
		};
		0533BBB325CBD6060011A6F7 /* Products */ = {
			isa = PBXGroup;
			children = (
				0533BBB225CBD6060011A6F7 /* WaterFall.app */,
			);
			name = Products;
			sourceTree = "<group>";
		};
		0533BBB425CBD6060011A6F7 /* WaterFall */ = {
			isa = PBXGroup;
			children = (
				0533BBD925CF9E680011A6F7 /* WaterFallViewController.h */,
				0533BBDA25CF9E680011A6F7 /* WaterFallViewController.m */,
				0533BBE225CFC5770011A6F7 /* WaterFallWithHoverViewController.h */,
				0533BBE325CFC5770011A6F7 /* WaterFallWithHoverViewController.m */,
				0533BBE625CFDAB20011A6F7 /* NormalViewController.h */,
				0533BBE725CFDAB20011A6F7 /* NormalViewController.m */,
				056198D425DE40C600C3024C /* util */,
				0533BBB525CBD6060011A6F7 /* AppDelegate.h */,
				0533BBB625CBD6060011A6F7 /* AppDelegate.m */,
				0533BBB825CBD6060011A6F7 /* SceneDelegate.h */,
				0533BBB925CBD6060011A6F7 /* SceneDelegate.m */,
				0533BBBB25CBD6060011A6F7 /* ViewController.h */,
				0533BBBC25CBD6060011A6F7 /* ViewController.m */,
				0533BBBE25CBD6060011A6F7 /* Main.storyboard */,
				0533BBC125CBD6090011A6F7 /* Assets.xcassets */,
				0533BBC325CBD6090011A6F7 /* LaunchScreen.storyboard */,
				0533BBC625CBD6090011A6F7 /* Info.plist */,
				0533BBC725CBD6090011A6F7 /* main.m */,
			);
			path = WaterFall;
			sourceTree = "<group>";
		};
		056198D425DE40C600C3024C /* util */ = {
			isa = PBXGroup;
			children = (
				0533BBDD25CFC29F0011A6F7 /* WaterFallWithHoverCollectionViewFlowLayout.h */,
				0533BBDE25CFC29F0011A6F7 /* WaterFallWithHoverCollectionViewFlowLayout.m */,
				0533BBD025CBD67A0011A6F7 /* WaterFallCollectionViewFlowLayout.h */,
				0533BBCF25CBD67A0011A6F7 /* WaterFallCollectionViewFlowLayout.m */,
			);
			path = util;
			sourceTree = "<group>";
		};
/* End PBXGroup section */

/* Begin PBXNativeTarget section */
		0533BBB125CBD6060011A6F7 /* WaterFall */ = {
			isa = PBXNativeTarget;
			buildConfigurationList = 0533BBCB25CBD6090011A6F7 /* Build configuration list for PBXNativeTarget "WaterFall" */;
			buildPhases = (
				0533BBAE25CBD6060011A6F7 /* Sources */,
				0533BBAF25CBD6060011A6F7 /* Frameworks */,
				0533BBB025CBD6060011A6F7 /* Resources */,
			);
			buildRules = (
			);
			dependencies = (
			);
			name = WaterFall;
			productName = WaterFall;
			productReference = 0533BBB225CBD6060011A6F7 /* WaterFall.app */;
			productType = "com.apple.product-type.application";
		};
/* End PBXNativeTarget section */

/* Begin PBXProject section */
		0533BBAA25CBD6060011A6F7 /* Project object */ = {
			isa = PBXProject;
			attributes = {
				LastUpgradeCheck = 1220;
				TargetAttributes = {
					0533BBB125CBD6060011A6F7 = {
						CreatedOnToolsVersion = 12.2;
					};
				};
			};
			buildConfigurationList = 0533BBAD25CBD6060011A6F7 /* Build configuration list for PBXProject "WaterFall" */;
			compatibilityVersion = "Xcode 9.3";
			developmentRegion = en;
			hasScannedForEncodings = 0;
			knownRegions = (
				en,
				Base,
			);
			mainGroup = 0533BBA925CBD6060011A6F7;
			productRefGroup = 0533BBB325CBD6060011A6F7 /* Products */;
			projectDirPath = "";
			projectRoot = "";
			targets = (
				0533BBB125CBD6060011A6F7 /* WaterFall */,
			);
		};
/* End PBXProject section */

/* Begin PBXResourcesBuildPhase section */
		0533BBB025CBD6060011A6F7 /* Resources */ = {
			isa = PBXResourcesBuildPhase;
			buildActionMask = 2147483647;
			files = (
				0533BBC525CBD6090011A6F7 /* LaunchScreen.storyboard in Resources */,
				0533BBC225CBD6090011A6F7 /* Assets.xcassets in Resources */,
				0533BBC025CBD6060011A6F7 /* Main.storyboard in Resources */,
			);
			runOnlyForDeploymentPostprocessing = 0;
		};
/* End PBXResourcesBuildPhase section */

/* Begin PBXSourcesBuildPhase section */
		0533BBAE25CBD6060011A6F7 /* Sources */ = {
			isa = PBXSourcesBuildPhase;
			buildActionMask = 2147483647;
			files = (
				0533BBDF25CFC29F0011A6F7 /* WaterFallWithHoverCollectionViewFlowLayout.m in Sources */,
				0533BBBD25CBD6060011A6F7 /* ViewController.m in Sources */,
				0533BBDB25CF9E680011A6F7 /* WaterFallViewController.m in Sources */,
				0533BBD125CBD67A0011A6F7 /* WaterFallCollectionViewFlowLayout.m in Sources */,
				0533BBB725CBD6060011A6F7 /* AppDelegate.m in Sources */,
				0533BBC825CBD6090011A6F7 /* main.m in Sources */,
				0533BBE425CFC5770011A6F7 /* WaterFallWithHoverViewController.m in Sources */,
				0533BBBA25CBD6060011A6F7 /* SceneDelegate.m in Sources */,
				0533BBE825CFDAB20011A6F7 /* NormalViewController.m in Sources */,
			);
			runOnlyForDeploymentPostprocessing = 0;
		};
/* End PBXSourcesBuildPhase section */

/* Begin PBXVariantGroup section */
		0533BBBE25CBD6060011A6F7 /* Main.storyboard */ = {
			isa = PBXVariantGroup;
			children = (
				0533BBBF25CBD6060011A6F7 /* Base */,
			);
			name = Main.storyboard;
			sourceTree = "<group>";
		};
		0533BBC325CBD6090011A6F7 /* LaunchScreen.storyboard */ = {
			isa = PBXVariantGroup;
			children = (
				0533BBC425CBD6090011A6F7 /* Base */,
			);
			name = LaunchScreen.storyboard;
			sourceTree = "<group>";
		};
/* End PBXVariantGroup section */

/* Begin XCBuildConfiguration section */
		0533BBC925CBD6090011A6F7 /* Debug */ = {
			isa = XCBuildConfiguration;
			buildSettings = {
				ALWAYS_SEARCH_USER_PATHS = NO;
				CLANG_ANALYZER_NONNULL = YES;
				CLANG_ANALYZER_NUMBER_OBJECT_CONVERSION = YES_AGGRESSIVE;
				CLANG_CXX_LANGUAGE_STANDARD = "gnu++14";
				CLANG_CXX_LIBRARY = "libc++";
				CLANG_ENABLE_MODULES = YES;
				CLANG_ENABLE_OBJC_ARC = YES;
				CLANG_ENABLE_OBJC_WEAK = YES;
				CLANG_WARN_BLOCK_CAPTURE_AUTORELEASING = YES;
				CLANG_WARN_BOOL_CONVERSION = YES;
				CLANG_WARN_COMMA = YES;
				CLANG_WARN_CONSTANT_CONVERSION = YES;
				CLANG_WARN_DEPRECATED_OBJC_IMPLEMENTATIONS = YES;
				CLANG_WARN_DIRECT_OBJC_ISA_USAGE = YES_ERROR;
				CLANG_WARN_DOCUMENTATION_COMMENTS = YES;
				CLANG_WARN_EMPTY_BODY = YES;
				CLANG_WARN_ENUM_CONVERSION = YES;
				CLANG_WARN_INFINITE_RECURSION = YES;
				CLANG_WARN_INT_CONVERSION = YES;
				CLANG_WARN_NON_LITERAL_NULL_CONVERSION = YES;
				CLANG_WARN_OBJC_IMPLICIT_RETAIN_SELF = YES;
				CLANG_WARN_OBJC_LITERAL_CONVERSION = YES;
				CLANG_WARN_OBJC_ROOT_CLASS = YES_ERROR;
				CLANG_WARN_QUOTED_INCLUDE_IN_FRAMEWORK_HEADER = YES;
				CLANG_WARN_RANGE_LOOP_ANALYSIS = YES;
				CLANG_WARN_STRICT_PROTOTYPES = YES;
				CLANG_WARN_SUSPICIOUS_MOVE = YES;
				CLANG_WARN_UNGUARDED_AVAILABILITY = YES_AGGRESSIVE;
				CLANG_WARN_UNREACHABLE_CODE = YES;
				CLANG_WARN__DUPLICATE_METHOD_MATCH = YES;
				COPY_PHASE_STRIP = NO;
				DEBUG_INFORMATION_FORMAT = dwarf;
				ENABLE_STRICT_OBJC_MSGSEND = YES;
				ENABLE_TESTABILITY = YES;
				GCC_C_LANGUAGE_STANDARD = gnu11;
				GCC_DYNAMIC_NO_PIC = NO;
				GCC_NO_COMMON_BLOCKS = YES;
				GCC_OPTIMIZATION_LEVEL = 0;
				GCC_PREPROCESSOR_DEFINITIONS = (
					"DEBUG=1",
					"$(inherited)",
				);
				GCC_WARN_64_TO_32_BIT_CONVERSION = YES;
				GCC_WARN_ABOUT_RETURN_TYPE = YES_ERROR;
				GCC_WARN_UNDECLARED_SELECTOR = YES;
				GCC_WARN_UNINITIALIZED_AUTOS = YES_AGGRESSIVE;
				GCC_WARN_UNUSED_FUNCTION = YES;
				GCC_WARN_UNUSED_VARIABLE = YES;
				IPHONEOS_DEPLOYMENT_TARGET = 14.2;
				MTL_ENABLE_DEBUG_INFO = INCLUDE_SOURCE;
				MTL_FAST_MATH = YES;
				ONLY_ACTIVE_ARCH = YES;
				SDKROOT = iphoneos;
			};
			name = Debug;
		};
		0533BBCA25CBD6090011A6F7 /* Release */ = {
			isa = XCBuildConfiguration;
			buildSettings = {
				ALWAYS_SEARCH_USER_PATHS = NO;
				CLANG_ANALYZER_NONNULL = YES;
				CLANG_ANALYZER_NUMBER_OBJECT_CONVERSION = YES_AGGRESSIVE;
				CLANG_CXX_LANGUAGE_STANDARD = "gnu++14";
				CLANG_CXX_LIBRARY = "libc++";
				CLANG_ENABLE_MODULES = YES;
				CLANG_ENABLE_OBJC_ARC = YES;
				CLANG_ENABLE_OBJC_WEAK = YES;
				CLANG_WARN_BLOCK_CAPTURE_AUTORELEASING = YES;
				CLANG_WARN_BOOL_CONVERSION = YES;
				CLANG_WARN_COMMA = YES;
				CLANG_WARN_CONSTANT_CONVERSION = YES;
				CLANG_WARN_DEPRECATED_OBJC_IMPLEMENTATIONS = YES;
				CLANG_WARN_DIRECT_OBJC_ISA_USAGE = YES_ERROR;
				CLANG_WARN_DOCUMENTATION_COMMENTS = YES;
				CLANG_WARN_EMPTY_BODY = YES;
				CLANG_WARN_ENUM_CONVERSION = YES;
				CLANG_WARN_INFINITE_RECURSION = YES;
				CLANG_WARN_INT_CONVERSION = YES;
				CLANG_WARN_NON_LITERAL_NULL_CONVERSION = YES;
				CLANG_WARN_OBJC_IMPLICIT_RETAIN_SELF = YES;
				CLANG_WARN_OBJC_LITERAL_CONVERSION = YES;
				CLANG_WARN_OBJC_ROOT_CLASS = YES_ERROR;
				CLANG_WARN_QUOTED_INCLUDE_IN_FRAMEWORK_HEADER = YES;
				CLANG_WARN_RANGE_LOOP_ANALYSIS = YES;
				CLANG_WARN_STRICT_PROTOTYPES = YES;
				CLANG_WARN_SUSPICIOUS_MOVE = YES;
				CLANG_WARN_UNGUARDED_AVAILABILITY = YES_AGGRESSIVE;
				CLANG_WARN_UNREACHABLE_CODE = YES;
				CLANG_WARN__DUPLICATE_METHOD_MATCH = YES;
				COPY_PHASE_STRIP = NO;
				DEBUG_INFORMATION_FORMAT = "dwarf-with-dsym";
				ENABLE_NS_ASSERTIONS = NO;
				ENABLE_STRICT_OBJC_MSGSEND = YES;
				GCC_C_LANGUAGE_STANDARD = gnu11;
				GCC_NO_COMMON_BLOCKS = YES;
				GCC_WARN_64_TO_32_BIT_CONVERSION = YES;
				GCC_WARN_ABOUT_RETURN_TYPE = YES_ERROR;
				GCC_WARN_UNDECLARED_SELECTOR = YES;
				GCC_WARN_UNINITIALIZED_AUTOS = YES_AGGRESSIVE;
				GCC_WARN_UNUSED_FUNCTION = YES;
				GCC_WARN_UNUSED_VARIABLE = YES;
				IPHONEOS_DEPLOYMENT_TARGET = 14.2;
				MTL_ENABLE_DEBUG_INFO = NO;
				MTL_FAST_MATH = YES;
				SDKROOT = iphoneos;
				VALIDATE_PRODUCT = YES;
			};
			name = Release;
		};
		0533BBCC25CBD6090011A6F7 /* Debug */ = {
			isa = XCBuildConfiguration;
			buildSettings = {
				ASSETCATALOG_COMPILER_APPICON_NAME = AppIcon;
				ASSETCATALOG_COMPILER_GLOBAL_ACCENT_COLOR_NAME = AccentColor;
				CODE_SIGN_STYLE = Automatic;
				DEVELOPMENT_TEAM = 6FKL9SST95;
				INFOPLIST_FILE = WaterFall/Info.plist;
				IPHONEOS_DEPLOYMENT_TARGET = 9.0;
				LD_RUNPATH_SEARCH_PATHS = (
					"$(inherited)",
					"@executable_path/Frameworks",
				);
				PRODUCT_BUNDLE_IDENTIFIER = com.zjl.WaterFall;
				PRODUCT_NAME = "$(TARGET_NAME)";
				TARGETED_DEVICE_FAMILY = "1,2";
			};
			name = Debug;
		};
		0533BBCD25CBD6090011A6F7 /* Release */ = {
			isa = XCBuildConfiguration;
			buildSettings = {
				ASSETCATALOG_COMPILER_APPICON_NAME = AppIcon;
				ASSETCATALOG_COMPILER_GLOBAL_ACCENT_COLOR_NAME = AccentColor;
				CODE_SIGN_STYLE = Automatic;
				DEVELOPMENT_TEAM = 6FKL9SST95;
				INFOPLIST_FILE = WaterFall/Info.plist;
				IPHONEOS_DEPLOYMENT_TARGET = 9.0;
				LD_RUNPATH_SEARCH_PATHS = (
					"$(inherited)",
					"@executable_path/Frameworks",
				);
				PRODUCT_BUNDLE_IDENTIFIER = com.zjl.WaterFall;
				PRODUCT_NAME = "$(TARGET_NAME)";
				TARGETED_DEVICE_FAMILY = "1,2";
			};
			name = Release;
		};
/* End XCBuildConfiguration section */

/* Begin XCConfigurationList section */
		0533BBAD25CBD6060011A6F7 /* Build configuration list for PBXProject "WaterFall" */ = {
			isa = XCConfigurationList;
			buildConfigurations = (
				0533BBC925CBD6090011A6F7 /* Debug */,
				0533BBCA25CBD6090011A6F7 /* Release */,
			);
			defaultConfigurationIsVisible = 0;
			defaultConfigurationName = Release;
		};
		0533BBCB25CBD6090011A6F7 /* Build configuration list for PBXNativeTarget "WaterFall" */ = {
			isa = XCConfigurationList;
			buildConfigurations = (
				0533BBCC25CBD6090011A6F7 /* Debug */,
				0533BBCD25CBD6090011A6F7 /* Release */,
			);
			defaultConfigurationIsVisible = 0;
			defaultConfigurationName = Release;
		};
/* End XCConfigurationList section */
	};
	rootObject = 0533BBAA25CBD6060011A6F7 /* Project object */;
}
